
Microsoft Visual Studio Solution File, Format Version 12.00
# Visual Studio Version 17
VisualStudioVersion = 17.9.34723.18
MinimumVisualStudioVersion = 10.0.40219.1
Project("{FAE04EC0-301F-11D3-BF4B-00C04F79EFBC}") = "App.Presentation", "App.Presentation\App.Presentation.csproj", "{D0EF5436-46C4-4BFB-A912-8BEB841F651A}"
EndProject
Project("{FAE04EC0-301F-11D3-BF4B-00C04F79EFBC}") = "App.BusinessLogic", "App.BusinessLogic\App.BusinessLogic.csproj", "{6DEDE522-50DF-4EEA-82E5-EA093CFBF363}"
EndProject
Project("{FAE04EC0-301F-11D3-BF4B-00C04F79EFBC}") = "App.DataAccess", "App.DataAccess\App.DataAccess.csproj", "{57C920A3-4A7E-4BDE-B2DD-928523B5D760}"
EndProject
Global
	GlobalSection(SolutionConfigurationPlatforms) = preSolution
		Debug|Any CPU = Debug|Any CPU
		Release|Any CPU = Release|Any CPU
	EndGlobalSection
	GlobalSection(ProjectConfigurationPlatforms) = postSolution
		{D0EF5436-46C4-4BFB-A912-8BEB841F651A}.Debug|Any CPU.ActiveCfg = Debug|Any CPU
		{D0EF5436-46C4-4BFB-A912-8BEB841F651A}.Debug|Any CPU.Build.0 = Debug|Any CPU
		{D0EF5436-46C4-4BFB-A912-8BEB841F651A}.Release|Any CPU.ActiveCfg = Release|Any CPU
		{D0EF5436-46C4-4BFB-A912-8BEB841F651A}.Release|Any CPU.Build.0 = Release|Any CPU
		{6DEDE522-50DF-4EEA-82E5-EA093CFBF363}.Debug|Any CPU.ActiveCfg = Debug|Any CPU
		{6DEDE522-50DF-4EEA-82E5-EA093CFBF363}.Debug|Any CPU.Build.0 = Debug|Any CPU
		{6DEDE522-50DF-4EEA-82E5-EA093CFBF363}.Release|Any CPU.ActiveCfg = Release|Any CPU
		{6DEDE522-50DF-4EEA-82E5-EA093CFBF363}.Release|Any CPU.Build.0 = Release|Any CPU
		{57C920A3-4A7E-4BDE-B2DD-928523B5D760}.Debug|Any CPU.ActiveCfg = Debug|Any CPU
		{57C920A3-4A7E-4BDE-B2DD-928523B5D760}.Debug|Any CPU.Build.0 = Debug|Any CPU
		{57C920A3-4A7E-4BDE-B2DD-928523B5D760}.Release|Any CPU.ActiveCfg = Release|Any CPU
		{57C920A3-4A7E-4BDE-B2DD-928523B5D760}.Release|Any CPU.Build.0 = Release|Any CPU
	EndGlobalSection
	GlobalSection(SolutionProperties) = preSolution
		HideSolutionNode = FALSE
	EndGlobalSection
	GlobalSection(ExtensibilityGlobals) = postSolution
		SolutionGuid = {C62E6C22-ED87-4621-930F-D3999FEB7813}
	EndGlobalSection
EndGlobal
